// !$*UTF8*$!
{
	archiveVersion = 1;
	classes = {
	};
	objectVersion = 48;
	objects = {

/* Begin PBXBuildFile section */
		B5913FE01FC328EB002435E4 /* BackgroundGradient.swift in Sources */ = {isa = PBXBuildFile; fileRef = B5913FDF1FC328EB002435E4 /* BackgroundGradient.swift */; };
		B5913FE21FC32A10002435E4 /* Palette.swift in Sources */ = {isa = PBXBuildFile; fileRef = B5913FE11FC32A10002435E4 /* Palette.swift */; };
		B5CFE90D1FBB501A00EF4F7C /* AppDelegate.swift in Sources */ = {isa = PBXBuildFile; fileRef = B5CFE90C1FBB501A00EF4F7C /* AppDelegate.swift */; };
		B5CFE90F1FBB501A00EF4F7C /* ViewController.swift in Sources */ = {isa = PBXBuildFile; fileRef = B5CFE90E1FBB501A00EF4F7C /* ViewController.swift */; };
		B5CFE9121FBB501A00EF4F7C /* Main.storyboard in Resources */ = {isa = PBXBuildFile; fileRef = B5CFE9101FBB501A00EF4F7C /* Main.storyboard */; };
		B5CFE9141FBB501A00EF4F7C /* Assets.xcassets in Resources */ = {isa = PBXBuildFile; fileRef = B5CFE9131FBB501A00EF4F7C /* Assets.xcassets */; };
		B5CFE9171FBB501A00EF4F7C /* LaunchScreen.storyboard in Resources */ = {isa = PBXBuildFile; fileRef = B5CFE9151FBB501A00EF4F7C /* LaunchScreen.storyboard */; };
		B5CFE9221FBB501A00EF4F7C /* AssessmentAppTests.swift in Sources */ = {isa = PBXBuildFile; fileRef = B5CFE9211FBB501A00EF4F7C /* AssessmentAppTests.swift */; };
		B5CFE92D1FBB501A00EF4F7C /* AssessmentAppUITests.swift in Sources */ = {isa = PBXBuildFile; fileRef = B5CFE92C1FBB501A00EF4F7C /* AssessmentAppUITests.swift */; };
/* End PBXBuildFile section */

/* Begin PBXContainerItemProxy section */
		B5CFE91E1FBB501A00EF4F7C /* PBXContainerItemProxy */ = {
			isa = PBXContainerItemProxy;
			containerPortal = B5CFE9011FBB501A00EF4F7C /* Project object */;
			proxyType = 1;
			remoteGlobalIDString = B5CFE9081FBB501A00EF4F7C;
			remoteInfo = AssessmentApp;
		};
		B5CFE9291FBB501A00EF4F7C /* PBXContainerItemProxy */ = {
			isa = PBXContainerItemProxy;
			containerPortal = B5CFE9011FBB501A00EF4F7C /* Project object */;
			proxyType = 1;
			remoteGlobalIDString = B5CFE9081FBB501A00EF4F7C;
			remoteInfo = AssessmentApp;
		};
/* End PBXContainerItemProxy section */

/* Begin PBXCopyFilesBuildPhase section */
		B52A207A1FBCEB2400D1D157 /* Embed Frameworks */ = {
			isa = PBXCopyFilesBuildPhase;
			buildActionMask = 2147483647;
			dstPath = "";
			dstSubfolderSpec = 10;
			files = (
			);
			name = "Embed Frameworks";
			runOnlyForDeploymentPostprocessing = 0;
		};
/* End PBXCopyFilesBuildPhase section */

/* Begin PBXFileReference section */
		03DD5B04012C25A7FD53E838 /* Pods_AssessmentApp.framework */ = {isa = PBXFileReference; explicitFileType = wrapper.framework; includeInIndex = 0; path = Pods_AssessmentApp.framework; sourceTree = BUILT_PRODUCTS_DIR; };
		0F6B6E6D7FDAD5F60F848873 /* Pods-AssessmentAppUITests.debug.xcconfig */ = {isa = PBXFileReference; includeInIndex = 1; lastKnownFileType = text.xcconfig; name = "Pods-AssessmentAppUITests.debug.xcconfig"; path = "Pods/Target Support Files/Pods-AssessmentAppUITests/Pods-AssessmentAppUITests.debug.xcconfig"; sourceTree = "<group>"; };
		3B9C79A3C214DDEF396B6D9C /* Pods-AssessmentApp.debug.xcconfig */ = {isa = PBXFileReference; includeInIndex = 1; lastKnownFileType = text.xcconfig; name = "Pods-AssessmentApp.debug.xcconfig"; path = "Pods/Target Support Files/Pods-AssessmentApp/Pods-AssessmentApp.debug.xcconfig"; sourceTree = "<group>"; };
		732500D59EA54ABD5AAFBEE8 /* Pods-AssessmentAppUITests.release.xcconfig */ = {isa = PBXFileReference; includeInIndex = 1; lastKnownFileType = text.xcconfig; name = "Pods-AssessmentAppUITests.release.xcconfig"; path = "Pods/Target Support Files/Pods-AssessmentAppUITests/Pods-AssessmentAppUITests.release.xcconfig"; sourceTree = "<group>"; };
		8C10704E4D4039720F8A86C6 /* Pods-AssessmentAppTests.debug.xcconfig */ = {isa = PBXFileReference; includeInIndex = 1; lastKnownFileType = text.xcconfig; name = "Pods-AssessmentAppTests.debug.xcconfig"; path = "Pods/Target Support Files/Pods-AssessmentAppTests/Pods-AssessmentAppTests.debug.xcconfig"; sourceTree = "<group>"; };
		8D760057574B793B2426FEDB /* Pods-AssessmentApp.release.xcconfig */ = {isa = PBXFileReference; includeInIndex = 1; lastKnownFileType = text.xcconfig; name = "Pods-AssessmentApp.release.xcconfig"; path = "Pods/Target Support Files/Pods-AssessmentApp/Pods-AssessmentApp.release.xcconfig"; sourceTree = "<group>"; };
		92D7DBAA320594C1319126CD /* Pods-AssessmentAppTests.release.xcconfig */ = {isa = PBXFileReference; includeInIndex = 1; lastKnownFileType = text.xcconfig; name = "Pods-AssessmentAppTests.release.xcconfig"; path = "Pods/Target Support Files/Pods-AssessmentAppTests/Pods-AssessmentAppTests.release.xcconfig"; sourceTree = "<group>"; };
		A106B09714D8EB44D2DB13F8 /* Pods_AssessmentAppTests.framework */ = {isa = PBXFileReference; explicitFileType = wrapper.framework; includeInIndex = 0; path = Pods_AssessmentAppTests.framework; sourceTree = BUILT_PRODUCTS_DIR; };
		B5913FDF1FC328EB002435E4 /* BackgroundGradient.swift */ = {isa = PBXFileReference; lastKnownFileType = sourcecode.swift; path = BackgroundGradient.swift; sourceTree = "<group>"; };
		B5913FE11FC32A10002435E4 /* Palette.swift */ = {isa = PBXFileReference; lastKnownFileType = sourcecode.swift; path = Palette.swift; sourceTree = "<group>"; };
		B5CFE9091FBB501A00EF4F7C /* AssessmentApp.app */ = {isa = PBXFileReference; explicitFileType = wrapper.application; includeInIndex = 0; path = AssessmentApp.app; sourceTree = BUILT_PRODUCTS_DIR; };
		B5CFE90C1FBB501A00EF4F7C /* AppDelegate.swift */ = {isa = PBXFileReference; lastKnownFileType = sourcecode.swift; path = AppDelegate.swift; sourceTree = "<group>"; };
		B5CFE90E1FBB501A00EF4F7C /* ViewController.swift */ = {isa = PBXFileReference; lastKnownFileType = sourcecode.swift; path = ViewController.swift; sourceTree = "<group>"; };
		B5CFE9111FBB501A00EF4F7C /* Base */ = {isa = PBXFileReference; lastKnownFileType = file.storyboard; name = Base; path = Base.lproj/Main.storyboard; sourceTree = "<group>"; };
		B5CFE9131FBB501A00EF4F7C /* Assets.xcassets */ = {isa = PBXFileReference; lastKnownFileType = folder.assetcatalog; path = Assets.xcassets; sourceTree = "<group>"; };
		B5CFE9161FBB501A00EF4F7C /* Base */ = {isa = PBXFileReference; lastKnownFileType = file.storyboard; name = Base; path = Base.lproj/LaunchScreen.storyboard; sourceTree = "<group>"; };
		B5CFE9181FBB501A00EF4F7C /* Info.plist */ = {isa = PBXFileReference; lastKnownFileType = text.plist.xml; path = Info.plist; sourceTree = "<group>"; };
		B5CFE91D1FBB501A00EF4F7C /* AssessmentAppTests.xctest */ = {isa = PBXFileReference; explicitFileType = wrapper.cfbundle; includeInIndex = 0; path = AssessmentAppTests.xctest; sourceTree = BUILT_PRODUCTS_DIR; };
		B5CFE9211FBB501A00EF4F7C /* AssessmentAppTests.swift */ = {isa = PBXFileReference; lastKnownFileType = sourcecode.swift; path = AssessmentAppTests.swift; sourceTree = "<group>"; };
		B5CFE9231FBB501A00EF4F7C /* Info.plist */ = {isa = PBXFileReference; lastKnownFileType = text.plist.xml; path = Info.plist; sourceTree = "<group>"; };
		B5CFE9281FBB501A00EF4F7C /* AssessmentAppUITests.xctest */ = {isa = PBXFileReference; explicitFileType = wrapper.cfbundle; includeInIndex = 0; path = AssessmentAppUITests.xctest; sourceTree = BUILT_PRODUCTS_DIR; };
		B5CFE92C1FBB501A00EF4F7C /* AssessmentAppUITests.swift */ = {isa = PBXFileReference; lastKnownFileType = sourcecode.swift; path = AssessmentAppUITests.swift; sourceTree = "<group>"; };
		B5CFE92E1FBB501A00EF4F7C /* Info.plist */ = {isa = PBXFileReference; lastKnownFileType = text.plist.xml; path = Info.plist; sourceTree = "<group>"; };
		D81712F858F0648F7FFDA947 /* Pods_AssessmentAppUITests.framework */ = {isa = PBXFileReference; explicitFileType = wrapper.framework; includeInIndex = 0; path = Pods_AssessmentAppUITests.framework; sourceTree = BUILT_PRODUCTS_DIR; };
/* End PBXFileReference section */

/* Begin PBXFrameworksBuildPhase section */
		B5CFE9061FBB501A00EF4F7C /* Frameworks */ = {
			isa = PBXFrameworksBuildPhase;
			buildActionMask = 2147483647;
			files = (
			);
			runOnlyForDeploymentPostprocessing = 0;
		};
		B5CFE91A1FBB501A00EF4F7C /* Frameworks */ = {
			isa = PBXFrameworksBuildPhase;
			buildActionMask = 2147483647;
			files = (
			);
			runOnlyForDeploymentPostprocessing = 0;
		};
		B5CFE9251FBB501A00EF4F7C /* Frameworks */ = {
			isa = PBXFrameworksBuildPhase;
			buildActionMask = 2147483647;
			files = (
			);
			runOnlyForDeploymentPostprocessing = 0;
		};
/* End PBXFrameworksBuildPhase section */

/* Begin PBXGroup section */
		51093A166A7BEED77D11EA5C /* Pods */ = {
			isa = PBXGroup;
			children = (
				8C10704E4D4039720F8A86C6 /* Pods-AssessmentAppTests.debug.xcconfig */,
				92D7DBAA320594C1319126CD /* Pods-AssessmentAppTests.release.xcconfig */,
				0F6B6E6D7FDAD5F60F848873 /* Pods-AssessmentAppUITests.debug.xcconfig */,
				732500D59EA54ABD5AAFBEE8 /* Pods-AssessmentAppUITests.release.xcconfig */,
				3B9C79A3C214DDEF396B6D9C /* Pods-AssessmentApp.debug.xcconfig */,
				8D760057574B793B2426FEDB /* Pods-AssessmentApp.release.xcconfig */,
			);
			name = Pods;
			sourceTree = "<group>";
		};
		B5CFE9001FBB501A00EF4F7C = {
			isa = PBXGroup;
			children = (
				B5CFE90B1FBB501A00EF4F7C /* AssessmentApp */,
				B5CFE9201FBB501A00EF4F7C /* AssessmentAppTests */,
				B5CFE92B1FBB501A00EF4F7C /* AssessmentAppUITests */,
				B5CFE90A1FBB501A00EF4F7C /* Products */,
				51093A166A7BEED77D11EA5C /* Pods */,
				C747E0FCCCAC9A21439F4C90 /* Frameworks */,
			);
			sourceTree = "<group>";
		};
		B5CFE90A1FBB501A00EF4F7C /* Products */ = {
			isa = PBXGroup;
			children = (
				B5CFE9091FBB501A00EF4F7C /* AssessmentApp.app */,
				B5CFE91D1FBB501A00EF4F7C /* AssessmentAppTests.xctest */,
				B5CFE9281FBB501A00EF4F7C /* AssessmentAppUITests.xctest */,
			);
			name = Products;
			sourceTree = "<group>";
		};
		B5CFE90B1FBB501A00EF4F7C /* AssessmentApp */ = {
			isa = PBXGroup;
			children = (
				B5CFE90C1FBB501A00EF4F7C /* AppDelegate.swift */,
				B5CFE90E1FBB501A00EF4F7C /* ViewController.swift */,
				B5913FDF1FC328EB002435E4 /* BackgroundGradient.swift */,
				B5913FE11FC32A10002435E4 /* Palette.swift */,
				B5CFE9101FBB501A00EF4F7C /* Main.storyboard */,
				B5CFE9131FBB501A00EF4F7C /* Assets.xcassets */,
				B5CFE9151FBB501A00EF4F7C /* LaunchScreen.storyboard */,
				B5CFE9181FBB501A00EF4F7C /* Info.plist */,
			);
			path = AssessmentApp;
			sourceTree = "<group>";
		};
		B5CFE9201FBB501A00EF4F7C /* AssessmentAppTests */ = {
			isa = PBXGroup;
			children = (
				B5CFE9211FBB501A00EF4F7C /* AssessmentAppTests.swift */,
				B5CFE9231FBB501A00EF4F7C /* Info.plist */,
			);
			path = AssessmentAppTests;
			sourceTree = "<group>";
		};
		B5CFE92B1FBB501A00EF4F7C /* AssessmentAppUITests */ = {
			isa = PBXGroup;
			children = (
				B5CFE92C1FBB501A00EF4F7C /* AssessmentAppUITests.swift */,
				B5CFE92E1FBB501A00EF4F7C /* Info.plist */,
			);
			path = AssessmentAppUITests;
			sourceTree = "<group>";
		};
		C747E0FCCCAC9A21439F4C90 /* Frameworks */ = {
			isa = PBXGroup;
			children = (
				03DD5B04012C25A7FD53E838 /* Pods_AssessmentApp.framework */,
				A106B09714D8EB44D2DB13F8 /* Pods_AssessmentAppTests.framework */,
				D81712F858F0648F7FFDA947 /* Pods_AssessmentAppUITests.framework */,
			);
			name = Frameworks;
			sourceTree = "<group>";
		};
/* End PBXGroup section */

/* Begin PBXNativeTarget section */
		B5CFE9081FBB501A00EF4F7C /* AssessmentApp */ = {
			isa = PBXNativeTarget;
			buildConfigurationList = B5CFE9311FBB501A00EF4F7C /* Build configuration list for PBXNativeTarget "AssessmentApp" */;
			buildPhases = (
				B2945A457BF39D8BA2A88B62 /* [CP] Check Pods Manifest.lock */,
				B5CFE9051FBB501A00EF4F7C /* Sources */,
				B5CFE9061FBB501A00EF4F7C /* Frameworks */,
				B5CFE9071FBB501A00EF4F7C /* Resources */,
				E313D2126110A6DC6AD3EE08 /* [CP] Embed Pods Frameworks */,
				97A10C7FB71F443E77D1B088 /* [CP] Copy Pods Resources */,
				B52A207A1FBCEB2400D1D157 /* Embed Frameworks */,
			);
			buildRules = (
			);
			dependencies = (
			);
			name = AssessmentApp;
			productName = AssessmentApp;
			productReference = B5CFE9091FBB501A00EF4F7C /* AssessmentApp.app */;
			productType = "com.apple.product-type.application";
		};
		B5CFE91C1FBB501A00EF4F7C /* AssessmentAppTests */ = {
			isa = PBXNativeTarget;
			buildConfigurationList = B5CFE9341FBB501A00EF4F7C /* Build configuration list for PBXNativeTarget "AssessmentAppTests" */;
			buildPhases = (
				6565E078109658DD2851286F /* [CP] Check Pods Manifest.lock */,
				B5CFE9191FBB501A00EF4F7C /* Sources */,
				B5CFE91A1FBB501A00EF4F7C /* Frameworks */,
				B5CFE91B1FBB501A00EF4F7C /* Resources */,
				E27B4D00A752049D7A7CB12B /* [CP] Embed Pods Frameworks */,
				513AD97F358CA3E7679F601E /* [CP] Copy Pods Resources */,
			);
			buildRules = (
			);
			dependencies = (
				B5CFE91F1FBB501A00EF4F7C /* PBXTargetDependency */,
			);
			name = AssessmentAppTests;
			productName = AssessmentAppTests;
			productReference = B5CFE91D1FBB501A00EF4F7C /* AssessmentAppTests.xctest */;
			productType = "com.apple.product-type.bundle.unit-test";
		};
		B5CFE9271FBB501A00EF4F7C /* AssessmentAppUITests */ = {
			isa = PBXNativeTarget;
			buildConfigurationList = B5CFE9371FBB501A00EF4F7C /* Build configuration list for PBXNativeTarget "AssessmentAppUITests" */;
			buildPhases = (
				A3578BCA5D5CB17664BFA609 /* [CP] Check Pods Manifest.lock */,
				B5CFE9241FBB501A00EF4F7C /* Sources */,
				B5CFE9251FBB501A00EF4F7C /* Frameworks */,
				B5CFE9261FBB501A00EF4F7C /* Resources */,
				761C5081D3AFE7519ADBB372 /* [CP] Embed Pods Frameworks */,
				725464BC51030ACA568EB47A /* [CP] Copy Pods Resources */,
			);
			buildRules = (
			);
			dependencies = (
				B5CFE92A1FBB501A00EF4F7C /* PBXTargetDependency */,
			);
			name = AssessmentAppUITests;
			productName = AssessmentAppUITests;
			productReference = B5CFE9281FBB501A00EF4F7C /* AssessmentAppUITests.xctest */;
			productType = "com.apple.product-type.bundle.ui-testing";
		};
/* End PBXNativeTarget section */

/* Begin PBXProject section */
		B5CFE9011FBB501A00EF4F7C /* Project object */ = {
			isa = PBXProject;
			attributes = {
				LastSwiftUpdateCheck = 0910;
				LastUpgradeCheck = 0910;
				ORGANIZATIONNAME = "Benjamin Walton";
				TargetAttributes = {
					B5CFE9081FBB501A00EF4F7C = {
						CreatedOnToolsVersion = 9.1;
						ProvisioningStyle = Manual;
					};
					B5CFE91C1FBB501A00EF4F7C = {
						CreatedOnToolsVersion = 9.1;
						ProvisioningStyle = Automatic;
					};
					B5CFE9271FBB501A00EF4F7C = {
						CreatedOnToolsVersion = 9.1;
						ProvisioningStyle = Automatic;
						TestTargetID = B5CFE9081FBB501A00EF4F7C;
					};
				};
			};
			buildConfigurationList = B5CFE9041FBB501A00EF4F7C /* Build configuration list for PBXProject "AssessmentApp" */;
			compatibilityVersion = "Xcode 8.0";
			developmentRegion = en;
			hasScannedForEncodings = 0;
			knownRegions = (
				en,
				Base,
			);
			mainGroup = B5CFE9001FBB501A00EF4F7C;
			productRefGroup = B5CFE90A1FBB501A00EF4F7C /* Products */;
			projectDirPath = "";
			projectRoot = "";
			targets = (
				B5CFE9081FBB501A00EF4F7C /* AssessmentApp */,
				B5CFE91C1FBB501A00EF4F7C /* AssessmentAppTests */,
				B5CFE9271FBB501A00EF4F7C /* AssessmentAppUITests */,
			);
		};
/* End PBXProject section */

/* Begin PBXResourcesBuildPhase section */
		B5CFE9071FBB501A00EF4F7C /* Resources */ = {
			isa = PBXResourcesBuildPhase;
			buildActionMask = 2147483647;
			files = (
				B5CFE9171FBB501A00EF4F7C /* LaunchScreen.storyboard in Resources */,
				B5CFE9141FBB501A00EF4F7C /* Assets.xcassets in Resources */,
				B5CFE9121FBB501A00EF4F7C /* Main.storyboard in Resources */,
			);
			runOnlyForDeploymentPostprocessing = 0;
		};
		B5CFE91B1FBB501A00EF4F7C /* Resources */ = {
			isa = PBXResourcesBuildPhase;
			buildActionMask = 2147483647;
			files = (
			);
			runOnlyForDeploymentPostprocessing = 0;
		};
		B5CFE9261FBB501A00EF4F7C /* Resources */ = {
			isa = PBXResourcesBuildPhase;
			buildActionMask = 2147483647;
			files = (
			);
			runOnlyForDeploymentPostprocessing = 0;
		};
/* End PBXResourcesBuildPhase section */

/* Begin PBXShellScriptBuildPhase section */
		513AD97F358CA3E7679F601E /* [CP] Copy Pods Resources */ = {
			isa = PBXShellScriptBuildPhase;
			buildActionMask = 2147483647;
			files = (
			);
			inputPaths = (
			);
			name = "[CP] Copy Pods Resources";
			outputPaths = (
			);
			runOnlyForDeploymentPostprocessing = 0;
			shellPath = /bin/sh;
			shellScript = "\"${SRCROOT}/Pods/Target Support Files/Pods-AssessmentAppTests/Pods-AssessmentAppTests-resources.sh\"\n";
			showEnvVarsInLog = 0;
		};
		6565E078109658DD2851286F /* [CP] Check Pods Manifest.lock */ = {
			isa = PBXShellScriptBuildPhase;
			buildActionMask = 2147483647;
			files = (
			);
			inputPaths = (
				"${PODS_PODFILE_DIR_PATH}/Podfile.lock",
				"${PODS_ROOT}/Manifest.lock",
			);
			name = "[CP] Check Pods Manifest.lock";
			outputPaths = (
				"$(DERIVED_FILE_DIR)/Pods-AssessmentAppTests-checkManifestLockResult.txt",
			);
			runOnlyForDeploymentPostprocessing = 0;
			shellPath = /bin/sh;
			shellScript = "diff \"${PODS_PODFILE_DIR_PATH}/Podfile.lock\" \"${PODS_ROOT}/Manifest.lock\" > /dev/null\nif [ $? != 0 ] ; then\n    # print error to STDERR\n    echo \"error: The sandbox is not in sync with the Podfile.lock. Run 'pod install' or update your CocoaPods installation.\" >&2\n    exit 1\nfi\n# This output is used by Xcode 'outputs' to avoid re-running this script phase.\necho \"SUCCESS\" > \"${SCRIPT_OUTPUT_FILE_0}\"\n";
			showEnvVarsInLog = 0;
		};
		725464BC51030ACA568EB47A /* [CP] Copy Pods Resources */ = {
			isa = PBXShellScriptBuildPhase;
			buildActionMask = 2147483647;
			files = (
			);
			inputPaths = (
			);
			name = "[CP] Copy Pods Resources";
			outputPaths = (
			);
			runOnlyForDeploymentPostprocessing = 0;
			shellPath = /bin/sh;
			shellScript = "\"${SRCROOT}/Pods/Target Support Files/Pods-AssessmentAppUITests/Pods-AssessmentAppUITests-resources.sh\"\n";
			showEnvVarsInLog = 0;
		};
		761C5081D3AFE7519ADBB372 /* [CP] Embed Pods Frameworks */ = {
			isa = PBXShellScriptBuildPhase;
			buildActionMask = 2147483647;
			files = (
			);
			inputPaths = (
				"${SRCROOT}/Pods/Target Support Files/Pods-AssessmentAppUITests/Pods-AssessmentAppUITests-frameworks.sh",
				"${BUILT_PRODUCTS_DIR}/Nimble/Nimble.framework",
				"${BUILT_PRODUCTS_DIR}/Quick/Quick.framework",
			);
			name = "[CP] Embed Pods Frameworks";
			outputPaths = (
				"${TARGET_BUILD_DIR}/${FRAMEWORKS_FOLDER_PATH}/Nimble.framework",
				"${TARGET_BUILD_DIR}/${FRAMEWORKS_FOLDER_PATH}/Quick.framework",
			);
			runOnlyForDeploymentPostprocessing = 0;
			shellPath = /bin/sh;
			shellScript = "\"${SRCROOT}/Pods/Target Support Files/Pods-AssessmentAppUITests/Pods-AssessmentAppUITests-frameworks.sh\"\n";
			showEnvVarsInLog = 0;
		};
		97A10C7FB71F443E77D1B088 /* [CP] Copy Pods Resources */ = {
			isa = PBXShellScriptBuildPhase;
			buildActionMask = 2147483647;
			files = (
			);
			inputPaths = (
			);
			name = "[CP] Copy Pods Resources";
			outputPaths = (
			);
			runOnlyForDeploymentPostprocessing = 0;
			shellPath = /bin/sh;
			shellScript = "\"${SRCROOT}/Pods/Target Support Files/Pods-AssessmentApp/Pods-AssessmentApp-resources.sh\"\n";
			showEnvVarsInLog = 0;
		};
		A3578BCA5D5CB17664BFA609 /* [CP] Check Pods Manifest.lock */ = {
			isa = PBXShellScriptBuildPhase;
			buildActionMask = 2147483647;
			files = (
			);
			inputPaths = (
				"${PODS_PODFILE_DIR_PATH}/Podfile.lock",
				"${PODS_ROOT}/Manifest.lock",
			);
			name = "[CP] Check Pods Manifest.lock";
			outputPaths = (
				"$(DERIVED_FILE_DIR)/Pods-AssessmentAppUITests-checkManifestLockResult.txt",
			);
			runOnlyForDeploymentPostprocessing = 0;
			shellPath = /bin/sh;
			shellScript = "diff \"${PODS_PODFILE_DIR_PATH}/Podfile.lock\" \"${PODS_ROOT}/Manifest.lock\" > /dev/null\nif [ $? != 0 ] ; then\n    # print error to STDERR\n    echo \"error: The sandbox is not in sync with the Podfile.lock. Run 'pod install' or update your CocoaPods installation.\" >&2\n    exit 1\nfi\n# This output is used by Xcode 'outputs' to avoid re-running this script phase.\necho \"SUCCESS\" > \"${SCRIPT_OUTPUT_FILE_0}\"\n";
			showEnvVarsInLog = 0;
		};
		B2945A457BF39D8BA2A88B62 /* [CP] Check Pods Manifest.lock */ = {
			isa = PBXShellScriptBuildPhase;
			buildActionMask = 2147483647;
			files = (
			);
			inputPaths = (
				"${PODS_PODFILE_DIR_PATH}/Podfile.lock",
				"${PODS_ROOT}/Manifest.lock",
			);
			name = "[CP] Check Pods Manifest.lock";
			outputPaths = (
				"$(DERIVED_FILE_DIR)/Pods-AssessmentApp-checkManifestLockResult.txt",
			);
			runOnlyForDeploymentPostprocessing = 0;
			shellPath = /bin/sh;
			shellScript = "diff \"${PODS_PODFILE_DIR_PATH}/Podfile.lock\" \"${PODS_ROOT}/Manifest.lock\" > /dev/null\nif [ $? != 0 ] ; then\n    # print error to STDERR\n    echo \"error: The sandbox is not in sync with the Podfile.lock. Run 'pod install' or update your CocoaPods installation.\" >&2\n    exit 1\nfi\n# This output is used by Xcode 'outputs' to avoid re-running this script phase.\necho \"SUCCESS\" > \"${SCRIPT_OUTPUT_FILE_0}\"\n";
			showEnvVarsInLog = 0;
		};
		E27B4D00A752049D7A7CB12B /* [CP] Embed Pods Frameworks */ = {
			isa = PBXShellScriptBuildPhase;
			buildActionMask = 2147483647;
			files = (
			);
			inputPaths = (
				"${SRCROOT}/Pods/Target Support Files/Pods-AssessmentAppTests/Pods-AssessmentAppTests-frameworks.sh",
				"${BUILT_PRODUCTS_DIR}/Nimble/Nimble.framework",
				"${BUILT_PRODUCTS_DIR}/Quick/Quick.framework",
			);
			name = "[CP] Embed Pods Frameworks";
			outputPaths = (
				"${TARGET_BUILD_DIR}/${FRAMEWORKS_FOLDER_PATH}/Nimble.framework",
				"${TARGET_BUILD_DIR}/${FRAMEWORKS_FOLDER_PATH}/Quick.framework",
			);
			runOnlyForDeploymentPostprocessing = 0;
			shellPath = /bin/sh;
			shellScript = "\"${SRCROOT}/Pods/Target Support Files/Pods-AssessmentAppTests/Pods-AssessmentAppTests-frameworks.sh\"\n";
			showEnvVarsInLog = 0;
		};
		E313D2126110A6DC6AD3EE08 /* [CP] Embed Pods Frameworks */ = {
			isa = PBXShellScriptBuildPhase;
			buildActionMask = 2147483647;
			files = (
			);
			inputPaths = (
				"${SRCROOT}/Pods/Target Support Files/Pods-AssessmentApp/Pods-AssessmentApp-frameworks.sh",
				"${BUILT_PRODUCTS_DIR}/Nimble/Nimble.framework",
				"${BUILT_PRODUCTS_DIR}/Quick/Quick.framework",
			);
			name = "[CP] Embed Pods Frameworks";
			outputPaths = (
				"${TARGET_BUILD_DIR}/${FRAMEWORKS_FOLDER_PATH}/Nimble.framework",
				"${TARGET_BUILD_DIR}/${FRAMEWORKS_FOLDER_PATH}/Quick.framework",
			);
			runOnlyForDeploymentPostprocessing = 0;
			shellPath = /bin/sh;
			shellScript = "\"${SRCROOT}/Pods/Target Support Files/Pods-AssessmentApp/Pods-AssessmentApp-frameworks.sh\"\n";
			showEnvVarsInLog = 0;
		};
/* End PBXShellScriptBuildPhase section */

/* Begin PBXSourcesBuildPhase section */
		B5CFE9051FBB501A00EF4F7C /* Sources */ = {
			isa = PBXSourcesBuildPhase;
			buildActionMask = 2147483647;
			files = (
				B5CFE90F1FBB501A00EF4F7C /* ViewController.swift in Sources */,
				B5913FE01FC328EB002435E4 /* BackgroundGradient.swift in Sources */,
				B5CFE90D1FBB501A00EF4F7C /* AppDelegate.swift in Sources */,
				B5913FE21FC32A10002435E4 /* Palette.swift in Sources */,
			);
			runOnlyForDeploymentPostprocessing = 0;
		};
		B5CFE9191FBB501A00EF4F7C /* Sources */ = {
			isa = PBXSourcesBuildPhase;
			buildActionMask = 2147483647;
			files = (
				B5CFE9221FBB501A00EF4F7C /* AssessmentAppTests.swift in Sources */,
			);
			runOnlyForDeploymentPostprocessing = 0;
		};
		B5CFE9241FBB501A00EF4F7C /* Sources */ = {
			isa = PBXSourcesBuildPhase;
			buildActionMask = 2147483647;
			files = (
				B5CFE92D1FBB501A00EF4F7C /* AssessmentAppUITests.swift in Sources */,
			);
			runOnlyForDeploymentPostprocessing = 0;
		};
/* End PBXSourcesBuildPhase section */

/* Begin PBXTargetDependency section */
		B5CFE91F1FBB501A00EF4F7C /* PBXTargetDependency */ = {
			isa = PBXTargetDependency;
			target = B5CFE9081FBB501A00EF4F7C /* AssessmentApp */;
			targetProxy = B5CFE91E1FBB501A00EF4F7C /* PBXContainerItemProxy */;
		};
		B5CFE92A1FBB501A00EF4F7C /* PBXTargetDependency */ = {
			isa = PBXTargetDependency;
			target = B5CFE9081FBB501A00EF4F7C /* AssessmentApp */;
			targetProxy = B5CFE9291FBB501A00EF4F7C /* PBXContainerItemProxy */;
		};
/* End PBXTargetDependency section */

/* Begin PBXVariantGroup section */
		B5CFE9101FBB501A00EF4F7C /* Main.storyboard */ = {
			isa = PBXVariantGroup;
			children = (
				B5CFE9111FBB501A00EF4F7C /* Base */,
			);
			name = Main.storyboard;
			sourceTree = "<group>";
		};
		B5CFE9151FBB501A00EF4F7C /* LaunchScreen.storyboard */ = {
			isa = PBXVariantGroup;
			children = (
				B5CFE9161FBB501A00EF4F7C /* Base */,
			);
			name = LaunchScreen.storyboard;
			sourceTree = "<group>";
		};
/* End PBXVariantGroup section */

/* Begin XCBuildConfiguration section */
		B5CFE92F1FBB501A00EF4F7C /* Debug */ = {
			isa = XCBuildConfiguration;
			buildSettings = {
				ALWAYS_SEARCH_USER_PATHS = NO;
				CLANG_ANALYZER_NONNULL = YES;
				CLANG_ANALYZER_NUMBER_OBJECT_CONVERSION = YES_AGGRESSIVE;
				CLANG_CXX_LANGUAGE_STANDARD = "gnu++14";
				CLANG_CXX_LIBRARY = "libc++";
				CLANG_ENABLE_MODULES = YES;
				CLANG_ENABLE_OBJC_ARC = YES;
				CLANG_WARN_BLOCK_CAPTURE_AUTORELEASING = YES;
				CLANG_WARN_BOOL_CONVERSION = YES;
				CLANG_WARN_COMMA = YES;
				CLANG_WARN_CONSTANT_CONVERSION = YES;
				CLANG_WARN_DIRECT_OBJC_ISA_USAGE = YES_ERROR;
				CLANG_WARN_DOCUMENTATION_COMMENTS = YES;
				CLANG_WARN_EMPTY_BODY = YES;
				CLANG_WARN_ENUM_CONVERSION = YES;
				CLANG_WARN_INFINITE_RECURSION = YES;
				CLANG_WARN_INT_CONVERSION = YES;
				CLANG_WARN_NON_LITERAL_NULL_CONVERSION = YES;
				CLANG_WARN_OBJC_LITERAL_CONVERSION = YES;
				CLANG_WARN_OBJC_ROOT_CLASS = YES_ERROR;
				CLANG_WARN_RANGE_LOOP_ANALYSIS = YES;
				CLANG_WARN_STRICT_PROTOTYPES = YES;
				CLANG_WARN_SUSPICIOUS_MOVE = YES;
				CLANG_WARN_UNGUARDED_AVAILABILITY = YES_AGGRESSIVE;
				CLANG_WARN_UNREACHABLE_CODE = YES;
				CLANG_WARN__DUPLICATE_METHOD_MATCH = YES;
				CODE_SIGN_IDENTITY = "iPhone Developer";
				COPY_PHASE_STRIP = NO;
				DEBUG_INFORMATION_FORMAT = dwarf;
				ENABLE_STRICT_OBJC_MSGSEND = YES;
				ENABLE_TESTABILITY = YES;
				GCC_C_LANGUAGE_STANDARD = gnu11;
				GCC_DYNAMIC_NO_PIC = NO;
				GCC_NO_COMMON_BLOCKS = YES;
				GCC_OPTIMIZATION_LEVEL = 0;
				GCC_PREPROCESSOR_DEFINITIONS = (
					"DEBUG=1",
					"$(inherited)",
				);
				GCC_WARN_64_TO_32_BIT_CONVERSION = YES;
				GCC_WARN_ABOUT_RETURN_TYPE = YES_ERROR;
				GCC_WARN_UNDECLARED_SELECTOR = YES;
				GCC_WARN_UNINITIALIZED_AUTOS = YES_AGGRESSIVE;
				GCC_WARN_UNUSED_FUNCTION = YES;
				GCC_WARN_UNUSED_VARIABLE = YES;
				IPHONEOS_DEPLOYMENT_TARGET = 11.1;
				MTL_ENABLE_DEBUG_INFO = YES;
				ONLY_ACTIVE_ARCH = YES;
				SDKROOT = iphoneos;
				SWIFT_ACTIVE_COMPILATION_CONDITIONS = DEBUG;
				SWIFT_OPTIMIZATION_LEVEL = "-Onone";
			};
			name = Debug;
		};
		B5CFE9301FBB501A00EF4F7C /* Release */ = {
			isa = XCBuildConfiguration;
			buildSettings = {
				ALWAYS_SEARCH_USER_PATHS = NO;
				CLANG_ANALYZER_NONNULL = YES;
				CLANG_ANALYZER_NUMBER_OBJECT_CONVERSION = YES_AGGRESSIVE;
				CLANG_CXX_LANGUAGE_STANDARD = "gnu++14";
				CLANG_CXX_LIBRARY = "libc++";
				CLANG_ENABLE_MODULES = YES;
				CLANG_ENABLE_OBJC_ARC = YES;
				CLANG_WARN_BLOCK_CAPTURE_AUTORELEASING = YES;
				CLANG_WARN_BOOL_CONVERSION = YES;
				CLANG_WARN_COMMA = YES;
				CLANG_WARN_CONSTANT_CONVERSION = YES;
				CLANG_WARN_DIRECT_OBJC_ISA_USAGE = YES_ERROR;
				CLANG_WARN_DOCUMENTATION_COMMENTS = YES;
				CLANG_WARN_EMPTY_BODY = YES;
				CLANG_WARN_ENUM_CONVERSION = YES;
				CLANG_WARN_INFINITE_RECURSION = YES;
				CLANG_WARN_INT_CONVERSION = YES;
				CLANG_WARN_NON_LITERAL_NULL_CONVERSION = YES;
				CLANG_WARN_OBJC_LITERAL_CONVERSION = YES;
				CLANG_WARN_OBJC_ROOT_CLASS = YES_ERROR;
				CLANG_WARN_RANGE_LOOP_ANALYSIS = YES;
				CLANG_WARN_STRICT_PROTOTYPES = YES;
				CLANG_WARN_SUSPICIOUS_MOVE = YES;
				CLANG_WARN_UNGUARDED_AVAILABILITY = YES_AGGRESSIVE;
				CLANG_WARN_UNREACHABLE_CODE = YES;
				CLANG_WARN__DUPLICATE_METHOD_MATCH = YES;
				CODE_SIGN_IDENTITY = "iPhone Developer";
				COPY_PHASE_STRIP = NO;
				DEBUG_INFORMATION_FORMAT = "dwarf-with-dsym";
				ENABLE_NS_ASSERTIONS = NO;
				ENABLE_STRICT_OBJC_MSGSEND = YES;
				GCC_C_LANGUAGE_STANDARD = gnu11;
				GCC_NO_COMMON_BLOCKS = YES;
				GCC_WARN_64_TO_32_BIT_CONVERSION = YES;
				GCC_WARN_ABOUT_RETURN_TYPE = YES_ERROR;
				GCC_WARN_UNDECLARED_SELECTOR = YES;
				GCC_WARN_UNINITIALIZED_AUTOS = YES_AGGRESSIVE;
				GCC_WARN_UNUSED_FUNCTION = YES;
				GCC_WARN_UNUSED_VARIABLE = YES;
				IPHONEOS_DEPLOYMENT_TARGET = 11.1;
				MTL_ENABLE_DEBUG_INFO = NO;
				SDKROOT = iphoneos;
				SWIFT_OPTIMIZATION_LEVEL = "-Owholemodule";
				VALIDATE_PRODUCT = YES;
			};
			name = Release;
		};
		B5CFE9321FBB501A00EF4F7C /* Debug */ = {
			isa = XCBuildConfiguration;
			baseConfigurationReference = 3B9C79A3C214DDEF396B6D9C /* Pods-AssessmentApp.debug.xcconfig */;
			buildSettings = {
				ASSETCATALOG_COMPILER_APPICON_NAME = AppIcon;
				CODE_SIGN_STYLE = Manual;
				DEVELOPMENT_TEAM = FBLG66BV63;
				"FRAMEWORK_SEARCH_PATHS[arch=*]" = "";
				INFOPLIST_FILE = AssessmentApp/Info.plist;
				LD_RUNPATH_SEARCH_PATHS = "$(inherited) @executable_path/Frameworks";
				ONLY_ACTIVE_ARCH = NO;
				PRODUCT_BUNDLE_IDENTIFIER = com.pillartechnology.AssessmentApp;
				PRODUCT_NAME = "$(TARGET_NAME)";
				PROVISIONING_PROFILE = "11152daf-d3ab-4ba4-a1c0-412a1fc47628";
				PROVISIONING_PROFILE_SPECIFIER = "match Development com.pillartechnology.AssessmentApp";
				SWIFT_VERSION = 4.0;
				TARGETED_DEVICE_FAMILY = "1,2";
			};
			name = Debug;
		};
		B5CFE9331FBB501A00EF4F7C /* Release */ = {
			isa = XCBuildConfiguration;
			baseConfigurationReference = 8D760057574B793B2426FEDB /* Pods-AssessmentApp.release.xcconfig */;
			buildSettings = {
				ASSETCATALOG_COMPILER_APPICON_NAME = AppIcon;
				"CODE_SIGN_IDENTITY[sdk=iphoneos*]" = "iPhone Distribution";
				CODE_SIGN_STYLE = Manual;
				DEVELOPMENT_TEAM = FBLG66BV63;
				INFOPLIST_FILE = AssessmentApp/Info.plist;
				LD_RUNPATH_SEARCH_PATHS = "$(inherited) @executable_path/Frameworks";
				PRODUCT_BUNDLE_IDENTIFIER = com.pillartechnology.AssessmentApp;
				PRODUCT_NAME = "$(TARGET_NAME)";
				PROVISIONING_PROFILE = "2b05d8aa-aa1d-426b-aea0-26a3b3367945";
				PROVISIONING_PROFILE_SPECIFIER = "match AppStore com.pillartechnology.AssessmentApp";
				SWIFT_VERSION = 4.0;
				TARGETED_DEVICE_FAMILY = "1,2";
			};
			name = Release;
		};
		B5CFE9351FBB501A00EF4F7C /* Debug */ = {
			isa = XCBuildConfiguration;
			baseConfigurationReference = 8C10704E4D4039720F8A86C6 /* Pods-AssessmentAppTests.debug.xcconfig */;
			buildSettings = {
				ALWAYS_EMBED_SWIFT_STANDARD_LIBRARIES = YES;
				CODE_SIGN_STYLE = Automatic;
				DEVELOPMENT_TEAM = FBLG66BV63;
				INFOPLIST_FILE = AssessmentAppTests/Info.plist;
				LD_RUNPATH_SEARCH_PATHS = "$(inherited) @executable_path/Frameworks @loader_path/Frameworks";
				PRODUCT_BUNDLE_IDENTIFIER = com.pillartechnology.AssessmentAppTests;
				PRODUCT_NAME = "$(TARGET_NAME)";
				SWIFT_VERSION = 4.0;
				TARGETED_DEVICE_FAMILY = "1,2";
			};
			name = Debug;
		};
		B5CFE9361FBB501A00EF4F7C /* Release */ = {
			isa = XCBuildConfiguration;
			baseConfigurationReference = 92D7DBAA320594C1319126CD /* Pods-AssessmentAppTests.release.xcconfig */;
			buildSettings = {
				ALWAYS_EMBED_SWIFT_STANDARD_LIBRARIES = YES;
				CODE_SIGN_STYLE = Automatic;
				DEVELOPMENT_TEAM = FBLG66BV63;
				INFOPLIST_FILE = AssessmentAppTests/Info.plist;
				LD_RUNPATH_SEARCH_PATHS = "$(inherited) @executable_path/Frameworks @loader_path/Frameworks";
				PRODUCT_BUNDLE_IDENTIFIER = com.pillartechnology.AssessmentAppTests;
				PRODUCT_NAME = "$(TARGET_NAME)";
				SWIFT_VERSION = 4.0;
				TARGETED_DEVICE_FAMILY = "1,2";
			};
			name = Release;
		};
		B5CFE9381FBB501A00EF4F7C /* Debug */ = {
			isa = XCBuildConfiguration;
			baseConfigurationReference = 0F6B6E6D7FDAD5F60F848873 /* Pods-AssessmentAppUITests.debug.xcconfig */;
			buildSettings = {
				ALWAYS_EMBED_SWIFT_STANDARD_LIBRARIES = YES;
				CODE_SIGN_STYLE = Automatic;
				DEVELOPMENT_TEAM = FBLG66BV63;
				INFOPLIST_FILE = AssessmentAppUITests/Info.plist;
				LD_RUNPATH_SEARCH_PATHS = "$(inherited) @executable_path/Frameworks @loader_path/Frameworks";
				PRODUCT_BUNDLE_IDENTIFIER = com.pillartechnology.AssessmentAppUITests;
				PRODUCT_NAME = "$(TARGET_NAME)";
				SWIFT_VERSION = 4.0;
				TARGETED_DEVICE_FAMILY = "1,2";
				TEST_TARGET_NAME = AssessmentApp;
			};
			name = Debug;
		};
		B5CFE9391FBB501A00EF4F7C /* Release */ = {
			isa = XCBuildConfiguration;
			baseConfigurationReference = 732500D59EA54ABD5AAFBEE8 /* Pods-AssessmentAppUITests.release.xcconfig */;
			buildSettings = {
				ALWAYS_EMBED_SWIFT_STANDARD_LIBRARIES = YES;
				CODE_SIGN_STYLE = Automatic;
				DEVELOPMENT_TEAM = FBLG66BV63;
				INFOPLIST_FILE = AssessmentAppUITests/Info.plist;
				LD_RUNPATH_SEARCH_PATHS = "$(inherited) @executable_path/Frameworks @loader_path/Frameworks";
				PRODUCT_BUNDLE_IDENTIFIER = com.pillartechnology.AssessmentAppUITests;
				PRODUCT_NAME = "$(TARGET_NAME)";
				SWIFT_VERSION = 4.0;
				TARGETED_DEVICE_FAMILY = "1,2";
				TEST_TARGET_NAME = AssessmentApp;
			};
			name = Release;
		};
/* End XCBuildConfiguration section */

/* Begin XCConfigurationList section */
		B5CFE9041FBB501A00EF4F7C /* Build configuration list for PBXProject "AssessmentApp" */ = {
			isa = XCConfigurationList;
			buildConfigurations = (
				B5CFE92F1FBB501A00EF4F7C /* Debug */,
				B5CFE9301FBB501A00EF4F7C /* Release */,
			);
			defaultConfigurationIsVisible = 0;
			defaultConfigurationName = Release;
		};
		B5CFE9311FBB501A00EF4F7C /* Build configuration list for PBXNativeTarget "AssessmentApp" */ = {
			isa = XCConfigurationList;
			buildConfigurations = (
				B5CFE9321FBB501A00EF4F7C /* Debug */,
				B5CFE9331FBB501A00EF4F7C /* Release */,
			);
			defaultConfigurationIsVisible = 0;
			defaultConfigurationName = Release;
		};
		B5CFE9341FBB501A00EF4F7C /* Build configuration list for PBXNativeTarget "AssessmentAppTests" */ = {
			isa = XCConfigurationList;
			buildConfigurations = (
				B5CFE9351FBB501A00EF4F7C /* Debug */,
				B5CFE9361FBB501A00EF4F7C /* Release */,
			);
			defaultConfigurationIsVisible = 0;
			defaultConfigurationName = Release;
		};
		B5CFE9371FBB501A00EF4F7C /* Build configuration list for PBXNativeTarget "AssessmentAppUITests" */ = {
			isa = XCConfigurationList;
			buildConfigurations = (
				B5CFE9381FBB501A00EF4F7C /* Debug */,
				B5CFE9391FBB501A00EF4F7C /* Release */,
			);
			defaultConfigurationIsVisible = 0;
			defaultConfigurationName = Release;
		};
/* End XCConfigurationList section */
	};
	rootObject = B5CFE9011FBB501A00EF4F7C /* Project object */;
}
